{
  "originHash" : "100988c12a8d9b0c44cc7db98bee8da4cf5e12f4eae8cdd94dbb37915fab8b21",
  "pins" : [
    {
      "identity" : "kingfisher",
      "kind" : "remoteSourceControl",
      "location" : "https://github.com/onevcat/Kingfisher",
      "state" : {
        "revision" : "b6256f191b4c1d8d09f4df94bae69e5ac6e42c81",
        "version" : "8.1.1"
      }
    },
    {
      "identity" : "multitool",
      "kind" : "remoteSourceControl",
      "location" : "https://github.com/AsioOtus/Multitool",
      "state" : {
        "revision" : "c28b7e8c8d3734952dfb22c922d1a46130fb9e35",
        "version" : "1.0.37"
      }
    },
    {
      "identity" : "ui-extensions",
      "kind" : "remoteSourceControl",
      "location" : "https://github.com/AsioOtus/ui-extensions",
      "state" : {
        "revision" : "540388ac5e0dc70961f86d8fd9588f61ebfd1e7d",
        "version" : "1.0.5"
      }
    }
  ],
  "version" : 3
}
