// !$*UTF8*$!
{
	archiveVersion = 1;
	classes = {
	};
	objectVersion = 77;
	objects = {

/* Begin PBXBuildFile section */
		3A188EAE2CFCFD77008B0BEF /* Kingfisher in Frameworks */ = {isa = PBXBuildFile; productRef = 3A188EAD2CFCFD77008B0BEF /* Kingfisher */; };
		3A188EB62CFCFD8E008B0BEF /* SwiftUIExtensions in Frameworks */ = {isa = PBXBuildFile; productRef = 3A188EB52CFCFD8E008B0BEF /* SwiftUIExtensions */; };
		3A188EB82CFCFD8E008B0BEF /* UIKitExtensions in Frameworks */ = {isa = PBXBuildFile; productRef = 3A188EB72CFCFD8E008B0BEF /* UIKitExtensions */; };
/* End PBXBuildFile section */

/* Begin PBXContainerItemProxy section */
		3AC35BCA2CFD30A60079FD31 /* PBXContainerItemProxy */ = {
			isa = PBXContainerItemProxy;
			containerPortal = 3A52F7002CEE8D9C004ACA9F /* Project object */;
			proxyType = 1;
			remoteGlobalIDString = 3A52F71F2CEE8E48004ACA9F;
			remoteInfo = App;
		};
/* End PBXContainerItemProxy section */

/* Begin PBXFileReference section */
		3A52F7202CEE8E48004ACA9F /* App.app */ = {isa = PBXFileReference; explicitFileType = wrapper.application; includeInIndex = 0; path = App.app; sourceTree = BUILT_PRODUCTS_DIR; };
		3AC35BC62CFD30A50079FD31 /* AppTests.xctest */ = {isa = PBXFileReference; explicitFileType = wrapper.cfbundle; includeInIndex = 0; path = AppTests.xctest; sourceTree = BUILT_PRODUCTS_DIR; };
/* End PBXFileReference section */

/* Begin PBXFileSystemSynchronizedBuildFileExceptionSet section */
		3A97C5072CEEB25B007D844D /* Exceptions for "App" folder in "App" target */ = {
			isa = PBXFileSystemSynchronizedBuildFileExceptionSet;
			membershipExceptions = (
				"Sources/Entities/EntitiesStubs/PhotoEntity+stubs.swift",
				"Sources/Entities/EntitiesStubs/PhotoFragmentEntity+stubs.swift",
				"Sources/Entities/EntitiesStubs/URL+stubs.swift",
				Sources/Entities/PhotoEntity.swift,
				Sources/Entities/PhotoFragmentEntity.swift,
				Sources/Repositories/Network/NetworkController.swift,
				Sources/Repositories/Network/Requests.swift,
				Sources/Repositories/Network/Responses/Photo.swift,
				Sources/Repositories/Network/Responses/PhotoPage.swift,
				Sources/Repositories/Persistence/CoreDataPersistentController.swift,
				Sources/Repositories/Persistence/DBEntities/DBEntity.swift,
				Sources/Repositories/Persistence/DBEntities/PhotoDBEntity.swift,
				Sources/Repositories/Persistence/Errors/PersistenceError.swift,
				Sources/Repositories/Repositories/FeedRepository.swift,
				Sources/Repositories/Repositories/PhotoDetailsRepository.swift,
				Sources/Repositories/Repositories/PhotoPersistentRepository.swift,
				Sources/Repositories/RepositoriesMocks/FeedDataProvider.swift,
				Sources/Repositories/RepositoriesMocks/Mock.swift,
				Sources/Repositories/RepositoriesMocks/Mock.Throwing.swift,
				Sources/Repositories/RepositoriesMocks/PhotoDetailsDataProvider.swift,
				Sources/Repositories/RepositoriesMocks/PhotoDetailsPersistentDataProvider.swift,
				Sources/Repositories/RepositoriesMocks/TestError.swift,
				Sources/Repositories/RepositoriesProtocols/PFeedDataProvider.swift,
				Sources/Repositories/RepositoriesProtocols/PPhotoDetailsDataProvider.swift,
				Sources/Repositories/RepositoriesProtocols/PPhotoDetailsPersistentDataProvider.swift,
				Sources/UI/Components/CacheCleanupMenu/CacheCleanupMenuView.swift,
				Sources/UI/Screens/Feed/CellViews/PhotoCell.swift,
				Sources/UI/Screens/Feed/CellViews/PhotoCell.xib,
				Sources/UI/Screens/Feed/CellViews/PhotoImageView.swift,
				Sources/UI/Screens/Feed/CellViews/PlaceholderView.swift,
				Sources/UI/Screens/Feed/CellViews/ReloadPhotoView.swift,
				Sources/UI/Screens/Feed/CellViews/ReloadPhotoView.xib,
				Sources/UI/Screens/Feed/CellViews/ShadowView.swift,
				Sources/UI/Screens/Feed/FeedFactory.swift,
				Sources/UI/Screens/Feed/FeedFooterViews/FeedFooterEmptyView.swift,
				Sources/UI/Screens/Feed/FeedFooterViews/FeedFooterErrorView.swift,
				Sources/UI/Screens/Feed/FeedFooterViews/FeedFooterErrorView.xib,
				Sources/UI/Screens/Feed/FeedFooterViews/FeedFooterInfoView.swift,
				Sources/UI/Screens/Feed/FeedFooterViews/FeedFooterInfoView.xib,
				Sources/UI/Screens/Feed/FeedFooterViews/FeedFooterLoadingView.swift,
				Sources/UI/Screens/Feed/FeedFooterViews/FeedFooterLoadingView.xib,
				Sources/UI/Screens/Feed/FeedInteractor.swift,
				Sources/UI/Screens/Feed/FeedVM.swift,
				Sources/UI/Screens/Feed/Models/FeedDataSource.swift,
				Sources/UI/Screens/Feed/Models/FeedPhotoModel.swift,
				Sources/UI/Screens/Feed/Views/FeedCVC.storyboard,
				Sources/UI/Screens/Feed/Views/FeedCVC.swift,
				Sources/UI/Screens/Feed/Views/FeedView.swift,
				Sources/UI/Screens/Feed/Views/FeedViewControllerRepresentable.swift,
				Sources/UI/Screens/PhotoDetails/Models/PhotoModel.swift,
				Sources/UI/Screens/PhotoDetails/PhotoDetailFactory.swift,
				Sources/UI/Screens/PhotoDetails/PhotoDetailsInteractor.swift,
				Sources/UI/Screens/PhotoDetails/PhotoDetailsView.swift,
				Sources/UI/Screens/PhotoDetails/PhotoDetailsVM.swift,
				Sources/UI/Screens/Root/RootScreen.swift,
				"Sources/Utils/Bundle+info.swift",
				Sources/Utils/Loadable.swift,
				Sources/Utils/TaskFactory/PTask.swift,
				Sources/Utils/TaskFactory/PTaskFactory.swift,
				Sources/Utils/TaskFactory/TaskFactory.swift,
				Sources/UTTApp.swift,
			);
			target = 3A52F71F2CEE8E48004ACA9F /* App */;
		};
		3AC35BD82CFDE40E0079FD31 /* Exceptions for "AppTests" folder in "App" target */ = {
			isa = PBXFileSystemSynchronizedBuildFileExceptionSet;
			membershipExceptions = (
				TestTaskFactory.swift,
			);
			target = 3A52F71F2CEE8E48004ACA9F /* App */;
		};
		3AC35BD92CFDE40E0079FD31 /* Exceptions for "AppTests" folder in "AppTests" target */ = {
			isa = PBXFileSystemSynchronizedBuildFileExceptionSet;
			membershipExceptions = (
				TestTaskFactory.swift,
			);
			target = 3AC35BC52CFD30A50079FD31 /* AppTests */;
		};
/* End PBXFileSystemSynchronizedBuildFileExceptionSet section */

/* Begin PBXFileSystemSynchronizedGroupBuildPhaseMembershipExceptionSet section */
		3AC35BAA2CFD02640079FD31 /* Exceptions for "App" folder in "Copy Bundle Resources" phase from "App" target */ = {
			isa = PBXFileSystemSynchronizedGroupBuildPhaseMembershipExceptionSet;
			buildPhase = 3A52F71E2CEE8E48004ACA9F /* Resources */;
			membershipExceptions = (
				Resources/db.xcdatamodeld,
			);
		};
/* End PBXFileSystemSynchronizedGroupBuildPhaseMembershipExceptionSet section */

/* Begin PBXFileSystemSynchronizedRootGroup section */
		3A52F70A2CEE8D9C004ACA9F /* App */ = {
			isa = PBXFileSystemSynchronizedRootGroup;
			exceptions = (
				3A97C5072CEEB25B007D844D /* Exceptions for "App" folder in "App" target */,
				3AC35BAA2CFD02640079FD31 /* Exceptions for "App" folder in "Copy Bundle Resources" phase from "App" target */,
			);
			path = App;
			sourceTree = "<group>";
		};
		3AC35BC72CFD30A50079FD31 /* AppTests */ = {
			isa = PBXFileSystemSynchronizedRootGroup;
			exceptions = (
				3AC35BD82CFDE40E0079FD31 /* Exceptions for "AppTests" folder in "App" target */,
				3AC35BD92CFDE40E0079FD31 /* Exceptions for "AppTests" folder in "AppTests" target */,
			);
			path = AppTests;
			sourceTree = "<group>";
		};
/* End PBXFileSystemSynchronizedRootGroup section */

/* Begin PBXFrameworksBuildPhase section */
		3A52F71D2CEE8E48004ACA9F /* Frameworks */ = {
			isa = PBXFrameworksBuildPhase;
			buildActionMask = 2147483647;
			files = (
				3A188EB62CFCFD8E008B0BEF /* SwiftUIExtensions in Frameworks */,
				3A188EAE2CFCFD77008B0BEF /* Kingfisher in Frameworks */,
				3A188EB82CFCFD8E008B0BEF /* UIKitExtensions in Frameworks */,
			);
			runOnlyForDeploymentPostprocessing = 0;
		};
		3AC35BC32CFD30A50079FD31 /* Frameworks */ = {
			isa = PBXFrameworksBuildPhase;
			buildActionMask = 2147483647;
			files = (
			);
			runOnlyForDeploymentPostprocessing = 0;
		};
/* End PBXFrameworksBuildPhase section */

/* Begin PBXGroup section */
		3A52F6FF2CEE8D9C004ACA9F = {
			isa = PBXGroup;
			children = (
				3A52F70A2CEE8D9C004ACA9F /* App */,
				3AC35BC72CFD30A50079FD31 /* AppTests */,
				3A97C4ED2CEEB038007D844D /* Frameworks */,
				3A52F7092CEE8D9C004ACA9F /* Products */,
			);
			sourceTree = "<group>";
		};
		3A52F7092CEE8D9C004ACA9F /* Products */ = {
			isa = PBXGroup;
			children = (
				3A52F7202CEE8E48004ACA9F /* App.app */,
				3AC35BC62CFD30A50079FD31 /* AppTests.xctest */,
			);
			name = Products;
			sourceTree = "<group>";
		};
		3A97C4ED2CEEB038007D844D /* Frameworks */ = {
			isa = PBXGroup;
			children = (
			);
			name = Frameworks;
			sourceTree = "<group>";
		};
/* End PBXGroup section */

/* Begin PBXNativeTarget section */
		3A52F71F2CEE8E48004ACA9F /* App */ = {
			isa = PBXNativeTarget;
			buildConfigurationList = 3A52F72B2CEE8E4B004ACA9F /* Build configuration list for PBXNativeTarget "App" */;
			buildPhases = (
				3A52F71C2CEE8E48004ACA9F /* Sources */,
				3A52F71D2CEE8E48004ACA9F /* Frameworks */,
				3A52F71E2CEE8E48004ACA9F /* Resources */,
			);
			buildRules = (
			);
			dependencies = (
			);
			name = App;
			packageProductDependencies = (
				3A188EAD2CFCFD77008B0BEF /* Kingfisher */,
				3A188EB52CFCFD8E008B0BEF /* SwiftUIExtensions */,
				3A188EB72CFCFD8E008B0BEF /* UIKitExtensions */,
			);
			productName = App;
			productReference = 3A52F7202CEE8E48004ACA9F /* App.app */;
			productType = "com.apple.product-type.application";
		};
		3AC35BC52CFD30A50079FD31 /* AppTests */ = {
			isa = PBXNativeTarget;
			buildConfigurationList = 3AC35BCC2CFD30A60079FD31 /* Build configuration list for PBXNativeTarget "AppTests" */;
			buildPhases = (
				3AC35BC22CFD30A50079FD31 /* Sources */,
				3AC35BC32CFD30A50079FD31 /* Frameworks */,
				3AC35BC42CFD30A50079FD31 /* Resources */,
			);
			buildRules = (
			);
			dependencies = (
				3AC35BCB2CFD30A60079FD31 /* PBXTargetDependency */,
			);
			fileSystemSynchronizedGroups = (
				3AC35BC72CFD30A50079FD31 /* AppTests */,
			);
			name = AppTests;
			packageProductDependencies = (
			);
			productName = AppTests;
			productReference = 3AC35BC62CFD30A50079FD31 /* AppTests.xctest */;
			productType = "com.apple.product-type.bundle.unit-test";
		};
/* End PBXNativeTarget section */

/* Begin PBXProject section */
		3A52F7002CEE8D9C004ACA9F /* Project object */ = {
			isa = PBXProject;
			attributes = {
				BuildIndependentTargetsInParallel = 1;
				LastSwiftUpdateCheck = 1600;
				LastUpgradeCheck = 1600;
				TargetAttributes = {
					3A52F71F2CEE8E48004ACA9F = {
						CreatedOnToolsVersion = 16.0;
					};
					3AC35BC52CFD30A50079FD31 = {
						CreatedOnToolsVersion = 16.0;
						TestTargetID = 3A52F71F2CEE8E48004ACA9F;
					};
				};
			};
			buildConfigurationList = 3A52F7032CEE8D9C004ACA9F /* Build configuration list for PBXProject "UTT" */;
			developmentRegion = en;
			hasScannedForEncodings = 0;
			knownRegions = (
				en,
				Base,
			);
			mainGroup = 3A52F6FF2CEE8D9C004ACA9F;
			minimizedProjectReferenceProxies = 1;
			packageReferences = (
				3A188EAC2CFCFD77008B0BEF /* XCRemoteSwiftPackageReference "Kingfisher" */,
				3A188EB42CFCFD8E008B0BEF /* XCRemoteSwiftPackageReference "ui-extensions" */,
			);
			preferredProjectObjectVersion = 77;
			productRefGroup = 3A52F7092CEE8D9C004ACA9F /* Products */;
			projectDirPath = "";
			projectRoot = "";
			targets = (
				3A52F71F2CEE8E48004ACA9F /* App */,
				3AC35BC52CFD30A50079FD31 /* AppTests */,
			);
		};
/* End PBXProject section */

/* Begin PBXResourcesBuildPhase section */
		3A52F71E2CEE8E48004ACA9F /* Resources */ = {
			isa = PBXResourcesBuildPhase;
			buildActionMask = 2147483647;
			files = (
			);
			runOnlyForDeploymentPostprocessing = 0;
		};
		3AC35BC42CFD30A50079FD31 /* Resources */ = {
			isa = PBXResourcesBuildPhase;
			buildActionMask = 2147483647;
			files = (
			);
			runOnlyForDeploymentPostprocessing = 0;
		};
/* End PBXResourcesBuildPhase section */

/* Begin PBXSourcesBuildPhase section */
		3A52F71C2CEE8E48004ACA9F /* Sources */ = {
			isa = PBXSourcesBuildPhase;
			buildActionMask = 2147483647;
			files = (
			);
			runOnlyForDeploymentPostprocessing = 0;
		};
		3AC35BC22CFD30A50079FD31 /* Sources */ = {
			isa = PBXSourcesBuildPhase;
			buildActionMask = 2147483647;
			files = (
			);
			runOnlyForDeploymentPostprocessing = 0;
		};
/* End PBXSourcesBuildPhase section */

/* Begin PBXTargetDependency section */
		3AC35BCB2CFD30A60079FD31 /* PBXTargetDependency */ = {
			isa = PBXTargetDependency;
			target = 3A52F71F2CEE8E48004ACA9F /* App */;
			targetProxy = 3AC35BCA2CFD30A60079FD31 /* PBXContainerItemProxy */;
		};
/* End PBXTargetDependency section */

/* Begin XCBuildConfiguration section */
		3A52F7142CEE8D9F004ACA9F /* Debug */ = {
			isa = XCBuildConfiguration;
			baseConfigurationReferenceAnchor = 3A52F70A2CEE8D9C004ACA9F /* App */;
			baseConfigurationReferenceRelativePath = Resources/Config.xcconfig;
			buildSettings = {
				ALWAYS_SEARCH_USER_PATHS = NO;
				ASSETCATALOG_COMPILER_GENERATE_SWIFT_ASSET_SYMBOL_EXTENSIONS = YES;
				CLANG_ANALYZER_NONNULL = YES;
				CLANG_ANALYZER_NUMBER_OBJECT_CONVERSION = YES_AGGRESSIVE;
				CLANG_CXX_LANGUAGE_STANDARD = "gnu++20";
				CLANG_ENABLE_MODULES = YES;
				CLANG_ENABLE_OBJC_ARC = YES;
				CLANG_ENABLE_OBJC_WEAK = YES;
				CLANG_WARN_BLOCK_CAPTURE_AUTORELEASING = YES;
				CLANG_WARN_BOOL_CONVERSION = YES;
				CLANG_WARN_COMMA = YES;
				CLANG_WARN_CONSTANT_CONVERSION = YES;
				CLANG_WARN_DEPRECATED_OBJC_IMPLEMENTATIONS = YES;
				CLANG_WARN_DIRECT_OBJC_ISA_USAGE = YES_ERROR;
				CLANG_WARN_DOCUMENTATION_COMMENTS = YES;
				CLANG_WARN_EMPTY_BODY = YES;
				CLANG_WARN_ENUM_CONVERSION = YES;
				CLANG_WARN_INFINITE_RECURSION = YES;
				CLANG_WARN_INT_CONVERSION = YES;
				CLANG_WARN_NON_LITERAL_NULL_CONVERSION = YES;
				CLANG_WARN_OBJC_IMPLICIT_RETAIN_SELF = YES;
				CLANG_WARN_OBJC_LITERAL_CONVERSION = YES;
				CLANG_WARN_OBJC_ROOT_CLASS = YES_ERROR;
				CLANG_WARN_QUOTED_INCLUDE_IN_FRAMEWORK_HEADER = YES;
				CLANG_WARN_RANGE_LOOP_ANALYSIS = YES;
				CLANG_WARN_STRICT_PROTOTYPES = YES;
				CLANG_WARN_SUSPICIOUS_MOVE = YES;
				CLANG_WARN_UNGUARDED_AVAILABILITY = YES_AGGRESSIVE;
				CLANG_WARN_UNREACHABLE_CODE = YES;
				CLANG_WARN__DUPLICATE_METHOD_MATCH = YES;
				COPY_PHASE_STRIP = NO;
				DEBUG_INFORMATION_FORMAT = dwarf;
				ENABLE_STRICT_OBJC_MSGSEND = YES;
				ENABLE_TESTABILITY = YES;
				ENABLE_USER_SCRIPT_SANDBOXING = YES;
				GCC_C_LANGUAGE_STANDARD = gnu17;
				GCC_DYNAMIC_NO_PIC = NO;
				GCC_NO_COMMON_BLOCKS = YES;
				GCC_OPTIMIZATION_LEVEL = 0;
				GCC_PREPROCESSOR_DEFINITIONS = (
					"DEBUG=1",
					"$(inherited)",
				);
				GCC_WARN_64_TO_32_BIT_CONVERSION = YES;
				GCC_WARN_ABOUT_RETURN_TYPE = YES_ERROR;
				GCC_WARN_UNDECLARED_SELECTOR = YES;
				GCC_WARN_UNINITIALIZED_AUTOS = YES_AGGRESSIVE;
				GCC_WARN_UNUSED_FUNCTION = YES;
				GCC_WARN_UNUSED_VARIABLE = YES;
				IPHONEOS_DEPLOYMENT_TARGET = 18.0;
				LOCALIZATION_PREFERS_STRING_CATALOGS = YES;
				MTL_ENABLE_DEBUG_INFO = INCLUDE_SOURCE;
				MTL_FAST_MATH = YES;
				ONLY_ACTIVE_ARCH = YES;
				SDKROOT = iphoneos;
				SWIFT_ACTIVE_COMPILATION_CONDITIONS = "DEBUG $(inherited)";
				SWIFT_OPTIMIZATION_LEVEL = "-Onone";
			};
			name = Debug;
		};
		3A52F7152CEE8D9F004ACA9F /* Release */ = {
			isa = XCBuildConfiguration;
			baseConfigurationReferenceAnchor = 3A52F70A2CEE8D9C004ACA9F /* App */;
			baseConfigurationReferenceRelativePath = Resources/Config.xcconfig;
			buildSettings = {
				ALWAYS_SEARCH_USER_PATHS = NO;
				ASSETCATALOG_COMPILER_GENERATE_SWIFT_ASSET_SYMBOL_EXTENSIONS = YES;
				CLANG_ANALYZER_NONNULL = YES;
				CLANG_ANALYZER_NUMBER_OBJECT_CONVERSION = YES_AGGRESSIVE;
				CLANG_CXX_LANGUAGE_STANDARD = "gnu++20";
				CLANG_ENABLE_MODULES = YES;
				CLANG_ENABLE_OBJC_ARC = YES;
				CLANG_ENABLE_OBJC_WEAK = YES;
				CLANG_WARN_BLOCK_CAPTURE_AUTORELEASING = YES;
				CLANG_WARN_BOOL_CONVERSION = YES;
				CLANG_WARN_COMMA = YES;
				CLANG_WARN_CONSTANT_CONVERSION = YES;
				CLANG_WARN_DEPRECATED_OBJC_IMPLEMENTATIONS = YES;
				CLANG_WARN_DIRECT_OBJC_ISA_USAGE = YES_ERROR;
				CLANG_WARN_DOCUMENTATION_COMMENTS = YES;
				CLANG_WARN_EMPTY_BODY = YES;
				CLANG_WARN_ENUM_CONVERSION = YES;
				CLANG_WARN_INFINITE_RECURSION = YES;
				CLANG_WARN_INT_CONVERSION = YES;
				CLANG_WARN_NON_LITERAL_NULL_CONVERSION = YES;
				CLANG_WARN_OBJC_IMPLICIT_RETAIN_SELF = YES;
				CLANG_WARN_OBJC_LITERAL_CONVERSION = YES;
				CLANG_WARN_OBJC_ROOT_CLASS = YES_ERROR;
				CLANG_WARN_QUOTED_INCLUDE_IN_FRAMEWORK_HEADER = YES;
				CLANG_WARN_RANGE_LOOP_ANALYSIS = YES;
				CLANG_WARN_STRICT_PROTOTYPES = YES;
				CLANG_WARN_SUSPICIOUS_MOVE = YES;
				CLANG_WARN_UNGUARDED_AVAILABILITY = YES_AGGRESSIVE;
				CLANG_WARN_UNREACHABLE_CODE = YES;
				CLANG_WARN__DUPLICATE_METHOD_MATCH = YES;
				COPY_PHASE_STRIP = NO;
				DEBUG_INFORMATION_FORMAT = "dwarf-with-dsym";
				ENABLE_NS_ASSERTIONS = NO;
				ENABLE_STRICT_OBJC_MSGSEND = YES;
				ENABLE_USER_SCRIPT_SANDBOXING = YES;
				GCC_C_LANGUAGE_STANDARD = gnu17;
				GCC_NO_COMMON_BLOCKS = YES;
				GCC_WARN_64_TO_32_BIT_CONVERSION = YES;
				GCC_WARN_ABOUT_RETURN_TYPE = YES_ERROR;
				GCC_WARN_UNDECLARED_SELECTOR = YES;
				GCC_WARN_UNINITIALIZED_AUTOS = YES_AGGRESSIVE;
				GCC_WARN_UNUSED_FUNCTION = YES;
				GCC_WARN_UNUSED_VARIABLE = YES;
				IPHONEOS_DEPLOYMENT_TARGET = 18.0;
				LOCALIZATION_PREFERS_STRING_CATALOGS = YES;
				MTL_ENABLE_DEBUG_INFO = NO;
				MTL_FAST_MATH = YES;
				SDKROOT = iphoneos;
				SWIFT_COMPILATION_MODE = wholemodule;
				VALIDATE_PRODUCT = YES;
			};
			name = Release;
		};
		3A52F72C2CEE8E4B004ACA9F /* Debug */ = {
			isa = XCBuildConfiguration;
			buildSettings = {
				ASSETCATALOG_COMPILER_APPICON_NAME = AppIcon;
				ASSETCATALOG_COMPILER_GLOBAL_ACCENT_COLOR_NAME = AccentColor;
				CODE_SIGN_STYLE = Automatic;
				CURRENT_PROJECT_VERSION = 1;
				DEVELOPMENT_ASSET_PATHS = "\"App/Resources/Preview Content\"";
				DEVELOPMENT_TEAM = 3HY2N64MXA;
				ENABLE_PREVIEWS = YES;
				GENERATE_INFOPLIST_FILE = YES;
				INFOPLIST_FILE = App/Info.plist;
				INFOPLIST_KEY_CFBundleDisplayName = UTT;
				INFOPLIST_KEY_UIApplicationSceneManifest_Generation = YES;
				INFOPLIST_KEY_UIApplicationSupportsIndirectInputEvents = YES;
				INFOPLIST_KEY_UILaunchScreen_Generation = YES;
				INFOPLIST_KEY_UISupportedInterfaceOrientations = UIInterfaceOrientationPortrait;
				INFOPLIST_KEY_UISupportedInterfaceOrientations_iPad = "UIInterfaceOrientationLandscapeLeft UIInterfaceOrientationLandscapeRight UIInterfaceOrientationPortrait UIInterfaceOrientationPortraitUpsideDown";
				IPHONEOS_DEPLOYMENT_TARGET = 16.0;
				LD_RUNPATH_SEARCH_PATHS = (
					"$(inherited)",
					"@executable_path/Frameworks",
				);
				MARKETING_VERSION = 1.0;
				PRODUCT_BUNDLE_IDENTIFIER = ao.utt;
				PRODUCT_NAME = "$(TARGET_NAME)";
				SUPPORTED_PLATFORMS = "iphoneos iphonesimulator";
				SUPPORTS_MACCATALYST = NO;
				SUPPORTS_MAC_DESIGNED_FOR_IPHONE_IPAD = NO;
				SUPPORTS_XR_DESIGNED_FOR_IPHONE_IPAD = NO;
				SWIFT_EMIT_LOC_STRINGS = YES;
				SWIFT_VERSION = 5.0;
				TARGETED_DEVICE_FAMILY = 1;
			};
			name = Debug;
		};
		3A52F72D2CEE8E4B004ACA9F /* Release */ = {
			isa = XCBuildConfiguration;
			buildSettings = {
				ASSETCATALOG_COMPILER_APPICON_NAME = AppIcon;
				ASSETCATALOG_COMPILER_GLOBAL_ACCENT_COLOR_NAME = AccentColor;
				CODE_SIGN_STYLE = Automatic;
				CURRENT_PROJECT_VERSION = 1;
				DEVELOPMENT_ASSET_PATHS = "\"App/Resources/Preview Content\"";
				DEVELOPMENT_TEAM = 3HY2N64MXA;
				ENABLE_PREVIEWS = YES;
				GENERATE_INFOPLIST_FILE = YES;
				INFOPLIST_FILE = App/Info.plist;
				INFOPLIST_KEY_CFBundleDisplayName = UTT;
				INFOPLIST_KEY_UIApplicationSceneManifest_Generation = YES;
				INFOPLIST_KEY_UIApplicationSupportsIndirectInputEvents = YES;
				INFOPLIST_KEY_UILaunchScreen_Generation = YES;
				INFOPLIST_KEY_UISupportedInterfaceOrientations = UIInterfaceOrientationPortrait;
				INFOPLIST_KEY_UISupportedInterfaceOrientations_iPad = "UIInterfaceOrientationLandscapeLeft UIInterfaceOrientationLandscapeRight UIInterfaceOrientationPortrait UIInterfaceOrientationPortraitUpsideDown";
				IPHONEOS_DEPLOYMENT_TARGET = 16.0;
				LD_RUNPATH_SEARCH_PATHS = (
					"$(inherited)",
					"@executable_path/Frameworks",
				);
				MARKETING_VERSION = 1.0;
				PRODUCT_BUNDLE_IDENTIFIER = ao.utt;
				PRODUCT_NAME = "$(TARGET_NAME)";
				SUPPORTED_PLATFORMS = "iphoneos iphonesimulator";
				SUPPORTS_MACCATALYST = NO;
				SUPPORTS_MAC_DESIGNED_FOR_IPHONE_IPAD = NO;
				SUPPORTS_XR_DESIGNED_FOR_IPHONE_IPAD = NO;
				SWIFT_EMIT_LOC_STRINGS = YES;
				SWIFT_VERSION = 5.0;
				TARGETED_DEVICE_FAMILY = 1;
			};
			name = Release;
		};
		3AC35BCD2CFD30A60079FD31 /* Debug */ = {
			isa = XCBuildConfiguration;
			buildSettings = {
				BUNDLE_LOADER = "$(TEST_HOST)";
				CODE_SIGN_STYLE = Automatic;
				CURRENT_PROJECT_VERSION = 1;
				DEVELOPMENT_TEAM = 3HY2N64MXA;
				GENERATE_INFOPLIST_FILE = YES;
				MARKETING_VERSION = 1.0;
				PRODUCT_BUNDLE_IDENTIFIER = AO.AppTests;
				PRODUCT_NAME = "$(TARGET_NAME)";
				SWIFT_EMIT_LOC_STRINGS = NO;
				SWIFT_VERSION = 5.0;
				TARGETED_DEVICE_FAMILY = "1,2";
				TEST_HOST = "$(BUILT_PRODUCTS_DIR)/App.app/$(BUNDLE_EXECUTABLE_FOLDER_PATH)/App";
			};
			name = Debug;
		};
		3AC35BCE2CFD30A60079FD31 /* Release */ = {
			isa = XCBuildConfiguration;
			buildSettings = {
				BUNDLE_LOADER = "$(TEST_HOST)";
				CODE_SIGN_STYLE = Automatic;
				CURRENT_PROJECT_VERSION = 1;
				DEVELOPMENT_TEAM = 3HY2N64MXA;
				GENERATE_INFOPLIST_FILE = YES;
				MARKETING_VERSION = 1.0;
				PRODUCT_BUNDLE_IDENTIFIER = AO.AppTests;
				PRODUCT_NAME = "$(TARGET_NAME)";
				SWIFT_EMIT_LOC_STRINGS = NO;
				SWIFT_VERSION = 5.0;
				TARGETED_DEVICE_FAMILY = "1,2";
				TEST_HOST = "$(BUILT_PRODUCTS_DIR)/App.app/$(BUNDLE_EXECUTABLE_FOLDER_PATH)/App";
			};
			name = Release;
		};
/* End XCBuildConfiguration section */

/* Begin XCConfigurationList section */
		3A52F7032CEE8D9C004ACA9F /* Build configuration list for PBXProject "UTT" */ = {
			isa = XCConfigurationList;
			buildConfigurations = (
				3A52F7142CEE8D9F004ACA9F /* Debug */,
				3A52F7152CEE8D9F004ACA9F /* Release */,
			);
			defaultConfigurationIsVisible = 0;
			defaultConfigurationName = Release;
		};
		3A52F72B2CEE8E4B004ACA9F /* Build configuration list for PBXNativeTarget "App" */ = {
			isa = XCConfigurationList;
			buildConfigurations = (
				3A52F72C2CEE8E4B004ACA9F /* Debug */,
				3A52F72D2CEE8E4B004ACA9F /* Release */,
			);
			defaultConfigurationIsVisible = 0;
			defaultConfigurationName = Release;
		};
		3AC35BCC2CFD30A60079FD31 /* Build configuration list for PBXNativeTarget "AppTests" */ = {
			isa = XCConfigurationList;
			buildConfigurations = (
				3AC35BCD2CFD30A60079FD31 /* Debug */,
				3AC35BCE2CFD30A60079FD31 /* Release */,
			);
			defaultConfigurationIsVisible = 0;
			defaultConfigurationName = Release;
		};
/* End XCConfigurationList section */

/* Begin XCRemoteSwiftPackageReference section */
		3A188EAC2CFCFD77008B0BEF /* XCRemoteSwiftPackageReference "Kingfisher" */ = {
			isa = XCRemoteSwiftPackageReference;
			repositoryURL = "https://github.com/onevcat/Kingfisher";
			requirement = {
				kind = upToNextMajorVersion;
				minimumVersion = 8.1.1;
			};
		};
		3A188EB42CFCFD8E008B0BEF /* XCRemoteSwiftPackageReference "ui-extensions" */ = {
			isa = XCRemoteSwiftPackageReference;
			repositoryURL = "https://github.com/AsioOtus/ui-extensions";
			requirement = {
				kind = upToNextMajorVersion;
				minimumVersion = 1.0.5;
			};
		};
/* End XCRemoteSwiftPackageReference section */

/* Begin XCSwiftPackageProductDependency section */
		3A188EAD2CFCFD77008B0BEF /* Kingfisher */ = {
			isa = XCSwiftPackageProductDependency;
			package = 3A188EAC2CFCFD77008B0BEF /* XCRemoteSwiftPackageReference "Kingfisher" */;
			productName = Kingfisher;
		};
		3A188EB52CFCFD8E008B0BEF /* SwiftUIExtensions */ = {
			isa = XCSwiftPackageProductDependency;
			package = 3A188EB42CFCFD8E008B0BEF /* XCRemoteSwiftPackageReference "ui-extensions" */;
			productName = SwiftUIExtensions;
		};
		3A188EB72CFCFD8E008B0BEF /* UIKitExtensions */ = {
			isa = XCSwiftPackageProductDependency;
			package = 3A188EB42CFCFD8E008B0BEF /* XCRemoteSwiftPackageReference "ui-extensions" */;
			productName = UIKitExtensions;
		};
/* End XCSwiftPackageProductDependency section */
	};
	rootObject = 3A52F7002CEE8D9C004ACA9F /* Project object */;
}
